
Microsoft Visual Studio Solution File, Format Version 12.00
# Visual Studio Version 17
VisualStudioVersion = 17.0.31903.59
MinimumVisualStudioVersion = 10.0.40219.1
Project("{FAE04EC0-301F-11D3-BF4B-00C04F79EFBC}") = "VirtualLab.Domain", "VirtualLab.Domain\VirtualLab.Domain.csproj", "{3A43CE07-AF6A-46F5-8A28-EE70D29BFCF0}"
EndProject
Project("{FAE04EC0-301F-11D3-BF4B-00C04F79EFBC}") = "VirtualLab.Application", "VirtualLab.Application\VirtualLab.Application.csproj", "{9A70ACD4-B91C-40A8-A2BF-F02CA2B50E1A}"
EndProject
Project("{FAE04EC0-301F-11D3-BF4B-00C04F79EFBC}") = "VirtualLab.Infrastructure", "VirtualLab.Infrastructure\VirtualLab.Infrastructure.csproj", "{A8B93A34-577E-4952-B3A7-8B64B16B56E4}"
EndProject
Project("{FAE04EC0-301F-11D3-BF4B-00C04F79EFBC}") = "VirtualLab.Api", "VirtualLab.Api\VirtualLab.Api.csproj", "{D3A9B4C6-8F48-4E86-BA3A-2FEA90EA5620}"
EndProject
Project("{FAE04EC0-301F-11D3-BF4B-00C04F79EFBC}") = "VirtualLab.Tests", "VirtualLab.Tests\VirtualLab.Tests.csproj", "{29BFCDB3-B0A7-4A08-B8BE-4F407A5B36E1}"
EndProject
Global
  GlobalSection(SolutionConfigurationPlatforms) = preSolution
    Debug|Any CPU = Debug|Any CPU
    Release|Any CPU = Release|Any CPU
  EndGlobalSection
  GlobalSection(ProjectConfigurationPlatforms) = postSolution
    {3A43CE07-AF6A-46F5-8A28-EE70D29BFCF0}.Debug|Any CPU.ActiveCfg = Debug|Any CPU
    {3A43CE07-AF6A-46F5-8A28-EE70D29BFCF0}.Debug|Any CPU.Build.0 = Debug|Any CPU
    {3A43CE07-AF6A-46F5-8A28-EE70D29BFCF0}.Release|Any CPU.ActiveCfg = Release|Any CPU
    {3A43CE07-AF6A-46F5-8A28-EE70D29BFCF0}.Release|Any CPU.Build.0 = Release|Any CPU
    {9A70ACD4-B91C-40A8-A2BF-F02CA2B50E1A}.Debug|Any CPU.ActiveCfg = Debug|Any CPU
    {9A70ACD4-B91C-40A8-A2BF-F02CA2B50E1A}.Debug|Any CPU.Build.0 = Debug|Any CPU
    {9A70ACD4-B91C-40A8-A2BF-F02CA2B50E1A}.Release|Any CPU.ActiveCfg = Release|Any CPU
    {9A70ACD4-B91C-40A8-A2BF-F02CA2B50E1A}.Release|Any CPU.Build.0 = Release|Any CPU
    {A8B93A34-577E-4952-B3A7-8B64B16B56E4}.Debug|Any CPU.ActiveCfg = Debug|Any CPU
    {A8B93A34-577E-4952-B3A7-8B64B16B56E4}.Debug|Any CPU.Build.0 = Debug|Any CPU
    {A8B93A34-577E-4952-B3A7-8B64B16B56E4}.Release|Any CPU.ActiveCfg = Release|Any CPU
    {A8B93A34-577E-4952-B3A7-8B64B16B56E4}.Release|Any CPU.Build.0 = Release|Any CPU
    {D3A9B4C6-8F48-4E86-BA3A-2FEA90EA5620}.Debug|Any CPU.ActiveCfg = Debug|Any CPU
    {D3A9B4C6-8F48-4E86-BA3A-2FEA90EA5620}.Debug|Any CPU.Build.0 = Debug|Any CPU
    {D3A9B4C6-8F48-4E86-BA3A-2FEA90EA5620}.Release|Any CPU.ActiveCfg = Release|Any CPU
    {D3A9B4C6-8F48-4E86-BA3A-2FEA90EA5620}.Release|Any CPU.Build.0 = Release|Any CPU
    {29BFCDB3-B0A7-4A08-B8BE-4F407A5B36E1}.Debug|Any CPU.ActiveCfg = Debug|Any CPU
    {29BFCDB3-B0A7-4A08-B8BE-4F407A5B36E1}.Debug|Any CPU.Build.0 = Debug|Any CPU
    {29BFCDB3-B0A7-4A08-B8BE-4F407A5B36E1}.Release|Any CPU.ActiveCfg = Release|Any CPU
    {29BFCDB3-B0A7-4A08-B8BE-4F407A5B36E1}.Release|Any CPU.Build.0 = Release|Any CPU
  EndGlobalSection
EndGlobal
