
Microsoft Visual Studio Solution File, Format Version 12.00
# Visual Studio Version 17
VisualStudioVersion = 17.0.31903.59
MinimumVisualStudioVersion = 10.0.40219.1
Project("{2150E333-8FDC-42A3-9474-1A3956D46DE8}") = "src", "src", "{827E0CD3-B72D-47B6-A68D-7590B98EB39B}"
EndProject
Project("{FAE04EC0-301F-11D3-BF4B-00C04F79EFBC}") = "FccDesktopAgent.Core", "src\FccDesktopAgent.Core\FccDesktopAgent.Core.csproj", "{E2195606-74FF-4C6A-9198-3DC8BADF42D3}"
EndProject
Project("{FAE04EC0-301F-11D3-BF4B-00C04F79EFBC}") = "FccDesktopAgent.Api", "src\FccDesktopAgent.Api\FccDesktopAgent.Api.csproj", "{27DF0F7F-3001-4513-B454-4E3263851D81}"
EndProject
Project("{FAE04EC0-301F-11D3-BF4B-00C04F79EFBC}") = "FccDesktopAgent.App", "src\FccDesktopAgent.App\FccDesktopAgent.App.csproj", "{816DC8CD-58B5-48C7-BF56-F86FE38C57D2}"
EndProject
Project("{FAE04EC0-301F-11D3-BF4B-00C04F79EFBC}") = "FccDesktopAgent.Service", "src\FccDesktopAgent.Service\FccDesktopAgent.Service.csproj", "{8F684BB9-3EDB-4492-AA73-8ADB89488F05}"
EndProject
Project("{2150E333-8FDC-42A3-9474-1A3956D46DE8}") = "tests", "tests", "{0AB3BF05-4346-4AA6-1389-037BE0695223}"
EndProject
Project("{FAE04EC0-301F-11D3-BF4B-00C04F79EFBC}") = "FccDesktopAgent.Core.Tests", "tests\FccDesktopAgent.Core.Tests\FccDesktopAgent.Core.Tests.csproj", "{137BA740-4658-46C5-B967-C434F3E37007}"
EndProject
Project("{FAE04EC0-301F-11D3-BF4B-00C04F79EFBC}") = "FccDesktopAgent.Api.Tests", "tests\FccDesktopAgent.Api.Tests\FccDesktopAgent.Api.Tests.csproj", "{8774E775-C2DA-4540-98F2-EEB1336FD10A}"
EndProject
Project("{FAE04EC0-301F-11D3-BF4B-00C04F79EFBC}") = "FccDesktopAgent.Integration.Tests", "tests\FccDesktopAgent.Integration.Tests\FccDesktopAgent.Integration.Tests.csproj", "{70D0FBE8-01D3-4FD4-889C-820EB489330F}"
EndProject
Project("{FAE04EC0-301F-11D3-BF4B-00C04F79EFBC}") = "FccDesktopAgent.Benchmarks", "tests\FccDesktopAgent.Benchmarks\FccDesktopAgent.Benchmarks.csproj", "{27581095-AAE1-4DD3-B9D8-A3EF35AD8FE2}"
EndProject
Global
	GlobalSection(SolutionConfigurationPlatforms) = preSolution
		Debug|Any CPU = Debug|Any CPU
		Debug|x64 = Debug|x64
		Debug|x86 = Debug|x86
		Release|Any CPU = Release|Any CPU
		Release|x64 = Release|x64
		Release|x86 = Release|x86
	EndGlobalSection
	GlobalSection(ProjectConfigurationPlatforms) = postSolution
		{E2195606-74FF-4C6A-9198-3DC8BADF42D3}.Debug|Any CPU.ActiveCfg = Debug|Any CPU
		{E2195606-74FF-4C6A-9198-3DC8BADF42D3}.Debug|Any CPU.Build.0 = Debug|Any CPU
		{E2195606-74FF-4C6A-9198-3DC8BADF42D3}.Debug|x64.ActiveCfg = Debug|Any CPU
		{E2195606-74FF-4C6A-9198-3DC8BADF42D3}.Debug|x64.Build.0 = Debug|Any CPU
		{E2195606-74FF-4C6A-9198-3DC8BADF42D3}.Debug|x86.ActiveCfg = Debug|Any CPU
		{E2195606-74FF-4C6A-9198-3DC8BADF42D3}.Debug|x86.Build.0 = Debug|Any CPU
		{E2195606-74FF-4C6A-9198-3DC8BADF42D3}.Release|Any CPU.ActiveCfg = Release|Any CPU
		{E2195606-74FF-4C6A-9198-3DC8BADF42D3}.Release|Any CPU.Build.0 = Release|Any CPU
		{E2195606-74FF-4C6A-9198-3DC8BADF42D3}.Release|x64.ActiveCfg = Release|Any CPU
		{E2195606-74FF-4C6A-9198-3DC8BADF42D3}.Release|x64.Build.0 = Release|Any CPU
		{E2195606-74FF-4C6A-9198-3DC8BADF42D3}.Release|x86.ActiveCfg = Release|Any CPU
		{E2195606-74FF-4C6A-9198-3DC8BADF42D3}.Release|x86.Build.0 = Release|Any CPU
		{27DF0F7F-3001-4513-B454-4E3263851D81}.Debug|Any CPU.ActiveCfg = Debug|Any CPU
		{27DF0F7F-3001-4513-B454-4E3263851D81}.Debug|Any CPU.Build.0 = Debug|Any CPU
		{27DF0F7F-3001-4513-B454-4E3263851D81}.Debug|x64.ActiveCfg = Debug|Any CPU
		{27DF0F7F-3001-4513-B454-4E3263851D81}.Debug|x64.Build.0 = Debug|Any CPU
		{27DF0F7F-3001-4513-B454-4E3263851D81}.Debug|x86.ActiveCfg = Debug|Any CPU
		{27DF0F7F-3001-4513-B454-4E3263851D81}.Debug|x86.Build.0 = Debug|Any CPU
		{27DF0F7F-3001-4513-B454-4E3263851D81}.Release|Any CPU.ActiveCfg = Release|Any CPU
		{27DF0F7F-3001-4513-B454-4E3263851D81}.Release|Any CPU.Build.0 = Release|Any CPU
		{27DF0F7F-3001-4513-B454-4E3263851D81}.Release|x64.ActiveCfg = Release|Any CPU
		{27DF0F7F-3001-4513-B454-4E3263851D81}.Release|x64.Build.0 = Release|Any CPU
		{27DF0F7F-3001-4513-B454-4E3263851D81}.Release|x86.ActiveCfg = Release|Any CPU
		{27DF0F7F-3001-4513-B454-4E3263851D81}.Release|x86.Build.0 = Release|Any CPU
		{816DC8CD-58B5-48C7-BF56-F86FE38C57D2}.Debug|Any CPU.ActiveCfg = Debug|Any CPU
		{816DC8CD-58B5-48C7-BF56-F86FE38C57D2}.Debug|Any CPU.Build.0 = Debug|Any CPU
		{816DC8CD-58B5-48C7-BF56-F86FE38C57D2}.Debug|x64.ActiveCfg = Debug|Any CPU
		{816DC8CD-58B5-48C7-BF56-F86FE38C57D2}.Debug|x64.Build.0 = Debug|Any CPU
		{816DC8CD-58B5-48C7-BF56-F86FE38C57D2}.Debug|x86.ActiveCfg = Debug|Any CPU
		{816DC8CD-58B5-48C7-BF56-F86FE38C57D2}.Debug|x86.Build.0 = Debug|Any CPU
		{816DC8CD-58B5-48C7-BF56-F86FE38C57D2}.Release|Any CPU.ActiveCfg = Release|Any CPU
		{816DC8CD-58B5-48C7-BF56-F86FE38C57D2}.Release|Any CPU.Build.0 = Release|Any CPU
		{816DC8CD-58B5-48C7-BF56-F86FE38C57D2}.Release|x64.ActiveCfg = Release|Any CPU
		{816DC8CD-58B5-48C7-BF56-F86FE38C57D2}.Release|x64.Build.0 = Release|Any CPU
		{816DC8CD-58B5-48C7-BF56-F86FE38C57D2}.Release|x86.ActiveCfg = Release|Any CPU
		{816DC8CD-58B5-48C7-BF56-F86FE38C57D2}.Release|x86.Build.0 = Release|Any CPU
		{8F684BB9-3EDB-4492-AA73-8ADB89488F05}.Debug|Any CPU.ActiveCfg = Debug|Any CPU
		{8F684BB9-3EDB-4492-AA73-8ADB89488F05}.Debug|Any CPU.Build.0 = Debug|Any CPU
		{8F684BB9-3EDB-4492-AA73-8ADB89488F05}.Debug|x64.ActiveCfg = Debug|Any CPU
		{8F684BB9-3EDB-4492-AA73-8ADB89488F05}.Debug|x64.Build.0 = Debug|Any CPU
		{8F684BB9-3EDB-4492-AA73-8ADB89488F05}.Debug|x86.ActiveCfg = Debug|Any CPU
		{8F684BB9-3EDB-4492-AA73-8ADB89488F05}.Debug|x86.Build.0 = Debug|Any CPU
		{8F684BB9-3EDB-4492-AA73-8ADB89488F05}.Release|Any CPU.ActiveCfg = Release|Any CPU
		{8F684BB9-3EDB-4492-AA73-8ADB89488F05}.Release|Any CPU.Build.0 = Release|Any CPU
		{8F684BB9-3EDB-4492-AA73-8ADB89488F05}.Release|x64.ActiveCfg = Release|Any CPU
		{8F684BB9-3EDB-4492-AA73-8ADB89488F05}.Release|x64.Build.0 = Release|Any CPU
		{8F684BB9-3EDB-4492-AA73-8ADB89488F05}.Release|x86.ActiveCfg = Release|Any CPU
		{8F684BB9-3EDB-4492-AA73-8ADB89488F05}.Release|x86.Build.0 = Release|Any CPU
		{137BA740-4658-46C5-B967-C434F3E37007}.Debug|Any CPU.ActiveCfg = Debug|Any CPU
		{137BA740-4658-46C5-B967-C434F3E37007}.Debug|Any CPU.Build.0 = Debug|Any CPU
		{137BA740-4658-46C5-B967-C434F3E37007}.Debug|x64.ActiveCfg = Debug|Any CPU
		{137BA740-4658-46C5-B967-C434F3E37007}.Debug|x64.Build.0 = Debug|Any CPU
		{137BA740-4658-46C5-B967-C434F3E37007}.Debug|x86.ActiveCfg = Debug|Any CPU
		{137BA740-4658-46C5-B967-C434F3E37007}.Debug|x86.Build.0 = Debug|Any CPU
		{137BA740-4658-46C5-B967-C434F3E37007}.Release|Any CPU.ActiveCfg = Release|Any CPU
		{137BA740-4658-46C5-B967-C434F3E37007}.Release|Any CPU.Build.0 = Release|Any CPU
		{137BA740-4658-46C5-B967-C434F3E37007}.Release|x64.ActiveCfg = Release|Any CPU
		{137BA740-4658-46C5-B967-C434F3E37007}.Release|x64.Build.0 = Release|Any CPU
		{137BA740-4658-46C5-B967-C434F3E37007}.Release|x86.ActiveCfg = Release|Any CPU
		{137BA740-4658-46C5-B967-C434F3E37007}.Release|x86.Build.0 = Release|Any CPU
		{8774E775-C2DA-4540-98F2-EEB1336FD10A}.Debug|Any CPU.ActiveCfg = Debug|Any CPU
		{8774E775-C2DA-4540-98F2-EEB1336FD10A}.Debug|Any CPU.Build.0 = Debug|Any CPU
		{8774E775-C2DA-4540-98F2-EEB1336FD10A}.Debug|x64.ActiveCfg = Debug|Any CPU
		{8774E775-C2DA-4540-98F2-EEB1336FD10A}.Debug|x64.Build.0 = Debug|Any CPU
		{8774E775-C2DA-4540-98F2-EEB1336FD10A}.Debug|x86.ActiveCfg = Debug|Any CPU
		{8774E775-C2DA-4540-98F2-EEB1336FD10A}.Debug|x86.Build.0 = Debug|Any CPU
		{8774E775-C2DA-4540-98F2-EEB1336FD10A}.Release|Any CPU.ActiveCfg = Release|Any CPU
		{8774E775-C2DA-4540-98F2-EEB1336FD10A}.Release|Any CPU.Build.0 = Release|Any CPU
		{8774E775-C2DA-4540-98F2-EEB1336FD10A}.Release|x64.ActiveCfg = Release|Any CPU
		{8774E775-C2DA-4540-98F2-EEB1336FD10A}.Release|x64.Build.0 = Release|Any CPU
		{8774E775-C2DA-4540-98F2-EEB1336FD10A}.Release|x86.ActiveCfg = Release|Any CPU
		{8774E775-C2DA-4540-98F2-EEB1336FD10A}.Release|x86.Build.0 = Release|Any CPU
		{70D0FBE8-01D3-4FD4-889C-820EB489330F}.Debug|Any CPU.ActiveCfg = Debug|Any CPU
		{70D0FBE8-01D3-4FD4-889C-820EB489330F}.Debug|Any CPU.Build.0 = Debug|Any CPU
		{70D0FBE8-01D3-4FD4-889C-820EB489330F}.Debug|x64.ActiveCfg = Debug|Any CPU
		{70D0FBE8-01D3-4FD4-889C-820EB489330F}.Debug|x64.Build.0 = Debug|Any CPU
		{70D0FBE8-01D3-4FD4-889C-820EB489330F}.Debug|x86.ActiveCfg = Debug|Any CPU
		{70D0FBE8-01D3-4FD4-889C-820EB489330F}.Debug|x86.Build.0 = Debug|Any CPU
		{70D0FBE8-01D3-4FD4-889C-820EB489330F}.Release|Any CPU.ActiveCfg = Release|Any CPU
		{70D0FBE8-01D3-4FD4-889C-820EB489330F}.Release|Any CPU.Build.0 = Release|Any CPU
		{70D0FBE8-01D3-4FD4-889C-820EB489330F}.Release|x64.ActiveCfg = Release|Any CPU
		{70D0FBE8-01D3-4FD4-889C-820EB489330F}.Release|x64.Build.0 = Release|Any CPU
		{70D0FBE8-01D3-4FD4-889C-820EB489330F}.Release|x86.ActiveCfg = Release|Any CPU
		{70D0FBE8-01D3-4FD4-889C-820EB489330F}.Release|x86.Build.0 = Release|Any CPU
		{27581095-AAE1-4DD3-B9D8-A3EF35AD8FE2}.Debug|Any CPU.ActiveCfg = Debug|Any CPU
		{27581095-AAE1-4DD3-B9D8-A3EF35AD8FE2}.Debug|Any CPU.Build.0 = Debug|Any CPU
		{27581095-AAE1-4DD3-B9D8-A3EF35AD8FE2}.Debug|x64.ActiveCfg = Debug|Any CPU
		{27581095-AAE1-4DD3-B9D8-A3EF35AD8FE2}.Debug|x64.Build.0 = Debug|Any CPU
		{27581095-AAE1-4DD3-B9D8-A3EF35AD8FE2}.Debug|x86.ActiveCfg = Debug|Any CPU
		{27581095-AAE1-4DD3-B9D8-A3EF35AD8FE2}.Debug|x86.Build.0 = Debug|Any CPU
		{27581095-AAE1-4DD3-B9D8-A3EF35AD8FE2}.Release|Any CPU.ActiveCfg = Release|Any CPU
		{27581095-AAE1-4DD3-B9D8-A3EF35AD8FE2}.Release|Any CPU.Build.0 = Release|Any CPU
		{27581095-AAE1-4DD3-B9D8-A3EF35AD8FE2}.Release|x64.ActiveCfg = Release|Any CPU
		{27581095-AAE1-4DD3-B9D8-A3EF35AD8FE2}.Release|x64.Build.0 = Release|Any CPU
		{27581095-AAE1-4DD3-B9D8-A3EF35AD8FE2}.Release|x86.ActiveCfg = Release|Any CPU
		{27581095-AAE1-4DD3-B9D8-A3EF35AD8FE2}.Release|x86.Build.0 = Release|Any CPU
	EndGlobalSection
	GlobalSection(SolutionProperties) = preSolution
		HideSolutionNode = FALSE
	EndGlobalSection
	GlobalSection(NestedProjects) = preSolution
		{E2195606-74FF-4C6A-9198-3DC8BADF42D3} = {827E0CD3-B72D-47B6-A68D-7590B98EB39B}
		{27DF0F7F-3001-4513-B454-4E3263851D81} = {827E0CD3-B72D-47B6-A68D-7590B98EB39B}
		{816DC8CD-58B5-48C7-BF56-F86FE38C57D2} = {827E0CD3-B72D-47B6-A68D-7590B98EB39B}
		{8F684BB9-3EDB-4492-AA73-8ADB89488F05} = {827E0CD3-B72D-47B6-A68D-7590B98EB39B}
		{137BA740-4658-46C5-B967-C434F3E37007} = {0AB3BF05-4346-4AA6-1389-037BE0695223}
		{8774E775-C2DA-4540-98F2-EEB1336FD10A} = {0AB3BF05-4346-4AA6-1389-037BE0695223}
		{70D0FBE8-01D3-4FD4-889C-820EB489330F} = {0AB3BF05-4346-4AA6-1389-037BE0695223}
		{27581095-AAE1-4DD3-B9D8-A3EF35AD8FE2} = {0AB3BF05-4346-4AA6-1389-037BE0695223}
	EndGlobalSection
EndGlobal
